
Microsoft Visual Studio Solution File, Format Version 12.00
# Visual Studio Version 17
VisualStudioVersion = 17.8.34525.116
MinimumVisualStudioVersion = 10.0.40219.1
Project("{9A19103F-16F7-4668-BE54-9A1E7A4F7556}") = "Nagornev.Querer", "Nagornev.Querer\Nagornev.Querer.csproj", "{CCD0559E-9872-451E-BC65-C9C22AE0ADB4}"
EndProject
Global
	GlobalSection(SolutionConfigurationPlatforms) = preSolution
		Debug|Any CPU = Debug|Any CPU
		Release|Any CPU = Release|Any CPU
	EndGlobalSection
	GlobalSection(ProjectConfigurationPlatforms) = postSolution
		{CCD0559E-9872-451E-BC65-C9C22AE0ADB4}.Debug|Any CPU.ActiveCfg = Debug|Any CPU
		{CCD0559E-9872-451E-BC65-C9C22AE0ADB4}.Debug|Any CPU.Build.0 = Debug|Any CPU
		{CCD0559E-9872-451E-BC65-C9C22AE0ADB4}.Release|Any CPU.ActiveCfg = Release|Any CPU
		{CCD0559E-9872-451E-BC65-C9C22AE0ADB4}.Release|Any CPU.Build.0 = Release|Any CPU
	EndGlobalSection
	GlobalSection(SolutionProperties) = preSolution
		HideSolutionNode = FALSE
	EndGlobalSection
	GlobalSection(ExtensibilityGlobals) = postSolution
		SolutionGuid = {6F7F3CE2-1B11-4D9F-9F9A-63BA5416A150}
	EndGlobalSection
EndGlobal
